
Microsoft Visual Studio Solution File, Format Version 12.00
# Visual Studio Version 17
VisualStudioVersion = 17.13.35825.156
MinimumVisualStudioVersion = 10.0.40219.1
Project("{FAE04EC0-301F-11D3-BF4B-00C04F79EFBC}") = "Hospital", "Hospital.csproj", "{77FF5C30-0EB4-40D9-A7BB-E5F52CBD67B8}"
EndProject
Project("{FAE04EC0-301F-11D3-BF4B-00C04F79EFBC}") = "AdminDashboardTests", "..\AdminDashboardTests\AdminDashboardTests.csproj", "{82443FF4-8002-4CFC-B753-E6673AC2812E}"
EndProject
Project("{2150E333-8FDC-42A3-9474-1A3956D46DE8}") = "Solution Items", "Solution Items", "{8EC462FD-D22E-90A8-E5CE-7E832BA40C5D}"
	ProjectSection(SolutionItems) = preProject
		CodeCoverage.runsettings = CodeCoverage.runsettings
	EndProjectSection
EndProject
Project("{FAE04EC0-301F-11D3-BF4B-00C04F79EFBC}") = "PatientDashboardProfilePart.Tests", "..\PatientDashboardProfilePart.Tests\PatientDashboardProfilePart.Tests.csproj", "{E6B9FABC-4445-6314-B4C5-2A22BE0304A3}"
EndProject
Project("{FAE04EC0-301F-11D3-BF4B-00C04F79EFBC}") = "LoginPageTests", "..\LoginPageTests\LoginPageTests.csproj", "{5CACED06-0C08-43BE-AABA-360EC36C942D}"
EndProject
Project("{FAE04EC0-301F-11D3-BF4B-00C04F79EFBC}") = "AdminDtests", "..\AdminDtests\AdminDtests.csproj", "{624B09D1-89B0-9BCE-6F47-08CDCB031ADE}"
EndProject
Global
	GlobalSection(SolutionConfigurationPlatforms) = preSolution
		Debug|ARM64 = Debug|ARM64
		Debug|x64 = Debug|x64
		Debug|x86 = Debug|x86
		Release|ARM64 = Release|ARM64
		Release|x64 = Release|x64
		Release|x86 = Release|x86
	EndGlobalSection
	GlobalSection(ProjectConfigurationPlatforms) = postSolution
		{77FF5C30-0EB4-40D9-A7BB-E5F52CBD67B8}.Debug|ARM64.ActiveCfg = Debug|ARM64
		{77FF5C30-0EB4-40D9-A7BB-E5F52CBD67B8}.Debug|ARM64.Build.0 = Debug|ARM64
		{77FF5C30-0EB4-40D9-A7BB-E5F52CBD67B8}.Debug|ARM64.Deploy.0 = Debug|ARM64
		{77FF5C30-0EB4-40D9-A7BB-E5F52CBD67B8}.Debug|x64.ActiveCfg = Debug|x64
		{77FF5C30-0EB4-40D9-A7BB-E5F52CBD67B8}.Debug|x64.Build.0 = Debug|x64
		{77FF5C30-0EB4-40D9-A7BB-E5F52CBD67B8}.Debug|x64.Deploy.0 = Debug|x64
		{77FF5C30-0EB4-40D9-A7BB-E5F52CBD67B8}.Debug|x86.ActiveCfg = Debug|x86
		{77FF5C30-0EB4-40D9-A7BB-E5F52CBD67B8}.Debug|x86.Build.0 = Debug|x86
		{77FF5C30-0EB4-40D9-A7BB-E5F52CBD67B8}.Debug|x86.Deploy.0 = Debug|x86
		{77FF5C30-0EB4-40D9-A7BB-E5F52CBD67B8}.Release|ARM64.ActiveCfg = Release|ARM64
		{77FF5C30-0EB4-40D9-A7BB-E5F52CBD67B8}.Release|ARM64.Build.0 = Release|ARM64
		{77FF5C30-0EB4-40D9-A7BB-E5F52CBD67B8}.Release|ARM64.Deploy.0 = Release|ARM64
		{77FF5C30-0EB4-40D9-A7BB-E5F52CBD67B8}.Release|x64.ActiveCfg = Release|x64
		{77FF5C30-0EB4-40D9-A7BB-E5F52CBD67B8}.Release|x64.Build.0 = Release|x64
		{77FF5C30-0EB4-40D9-A7BB-E5F52CBD67B8}.Release|x64.Deploy.0 = Release|x64
		{77FF5C30-0EB4-40D9-A7BB-E5F52CBD67B8}.Release|x86.ActiveCfg = Release|x86
		{77FF5C30-0EB4-40D9-A7BB-E5F52CBD67B8}.Release|x86.Build.0 = Release|x86
		{77FF5C30-0EB4-40D9-A7BB-E5F52CBD67B8}.Release|x86.Deploy.0 = Release|x86
		{82443FF4-8002-4CFC-B753-E6673AC2812E}.Debug|ARM64.ActiveCfg = Debug|Any CPU
		{82443FF4-8002-4CFC-B753-E6673AC2812E}.Debug|ARM64.Build.0 = Debug|Any CPU
		{82443FF4-8002-4CFC-B753-E6673AC2812E}.Debug|x64.ActiveCfg = Debug|Any CPU
		{82443FF4-8002-4CFC-B753-E6673AC2812E}.Debug|x64.Build.0 = Debug|Any CPU
		{82443FF4-8002-4CFC-B753-E6673AC2812E}.Debug|x86.ActiveCfg = Debug|Any CPU
		{82443FF4-8002-4CFC-B753-E6673AC2812E}.Debug|x86.Build.0 = Debug|Any CPU
		{82443FF4-8002-4CFC-B753-E6673AC2812E}.Release|ARM64.ActiveCfg = Release|Any CPU
		{82443FF4-8002-4CFC-B753-E6673AC2812E}.Release|ARM64.Build.0 = Release|Any CPU
		{82443FF4-8002-4CFC-B753-E6673AC2812E}.Release|x64.ActiveCfg = Release|Any CPU
		{82443FF4-8002-4CFC-B753-E6673AC2812E}.Release|x64.Build.0 = Release|Any CPU
		{82443FF4-8002-4CFC-B753-E6673AC2812E}.Release|x86.ActiveCfg = Release|Any CPU
		{82443FF4-8002-4CFC-B753-E6673AC2812E}.Release|x86.Build.0 = Release|Any CPU
		{E6B9FABC-4445-6314-B4C5-2A22BE0304A3}.Debug|ARM64.ActiveCfg = Debug|Any CPU
		{E6B9FABC-4445-6314-B4C5-2A22BE0304A3}.Debug|ARM64.Build.0 = Debug|Any CPU
		{E6B9FABC-4445-6314-B4C5-2A22BE0304A3}.Debug|x64.ActiveCfg = Debug|x64
		{E6B9FABC-4445-6314-B4C5-2A22BE0304A3}.Debug|x64.Build.0 = Debug|x64
		{E6B9FABC-4445-6314-B4C5-2A22BE0304A3}.Debug|x86.ActiveCfg = Debug|Any CPU
		{E6B9FABC-4445-6314-B4C5-2A22BE0304A3}.Debug|x86.Build.0 = Debug|Any CPU
		{E6B9FABC-4445-6314-B4C5-2A22BE0304A3}.Release|ARM64.ActiveCfg = Release|Any CPU
		{E6B9FABC-4445-6314-B4C5-2A22BE0304A3}.Release|ARM64.Build.0 = Release|Any CPU
		{E6B9FABC-4445-6314-B4C5-2A22BE0304A3}.Release|x64.ActiveCfg = Release|Any CPU
		{E6B9FABC-4445-6314-B4C5-2A22BE0304A3}.Release|x64.Build.0 = Release|Any CPU
		{E6B9FABC-4445-6314-B4C5-2A22BE0304A3}.Release|x86.ActiveCfg = Release|Any CPU
		{E6B9FABC-4445-6314-B4C5-2A22BE0304A3}.Release|x86.Build.0 = Release|Any CPU
		{5CACED06-0C08-43BE-AABA-360EC36C942D}.Debug|ARM64.ActiveCfg = Debug|Any CPU
		{5CACED06-0C08-43BE-AABA-360EC36C942D}.Debug|ARM64.Build.0 = Debug|Any CPU
		{5CACED06-0C08-43BE-AABA-360EC36C942D}.Debug|x64.ActiveCfg = Debug|x64
		{5CACED06-0C08-43BE-AABA-360EC36C942D}.Debug|x64.Build.0 = Debug|x64
		{5CACED06-0C08-43BE-AABA-360EC36C942D}.Debug|x86.ActiveCfg = Debug|Any CPU
		{5CACED06-0C08-43BE-AABA-360EC36C942D}.Debug|x86.Build.0 = Debug|Any CPU
		{5CACED06-0C08-43BE-AABA-360EC36C942D}.Release|ARM64.ActiveCfg = Release|Any CPU
		{5CACED06-0C08-43BE-AABA-360EC36C942D}.Release|ARM64.Build.0 = Release|Any CPU
		{5CACED06-0C08-43BE-AABA-360EC36C942D}.Release|x64.ActiveCfg = Release|Any CPU
		{5CACED06-0C08-43BE-AABA-360EC36C942D}.Release|x64.Build.0 = Release|Any CPU
		{5CACED06-0C08-43BE-AABA-360EC36C942D}.Release|x86.ActiveCfg = Release|Any CPU
		{5CACED06-0C08-43BE-AABA-360EC36C942D}.Release|x86.Build.0 = Release|Any CPU
		{624B09D1-89B0-9BCE-6F47-08CDCB031ADE}.Debug|ARM64.ActiveCfg = Debug|x64
		{624B09D1-89B0-9BCE-6F47-08CDCB031ADE}.Debug|ARM64.Build.0 = Debug|x64
		{624B09D1-89B0-9BCE-6F47-08CDCB031ADE}.Debug|x64.ActiveCfg = Debug|x64
		{624B09D1-89B0-9BCE-6F47-08CDCB031ADE}.Debug|x64.Build.0 = Debug|x64
		{624B09D1-89B0-9BCE-6F47-08CDCB031ADE}.Debug|x86.ActiveCfg = Debug|x64
		{624B09D1-89B0-9BCE-6F47-08CDCB031ADE}.Debug|x86.Build.0 = Debug|x64
		{624B09D1-89B0-9BCE-6F47-08CDCB031ADE}.Release|ARM64.ActiveCfg = Release|x64
		{624B09D1-89B0-9BCE-6F47-08CDCB031ADE}.Release|ARM64.Build.0 = Release|x64
		{624B09D1-89B0-9BCE-6F47-08CDCB031ADE}.Release|x64.ActiveCfg = Release|x64
		{624B09D1-89B0-9BCE-6F47-08CDCB031ADE}.Release|x64.Build.0 = Release|x64
		{624B09D1-89B0-9BCE-6F47-08CDCB031ADE}.Release|x86.ActiveCfg = Release|x64
		{624B09D1-89B0-9BCE-6F47-08CDCB031ADE}.Release|x86.Build.0 = Release|x64
	EndGlobalSection
	GlobalSection(SolutionProperties) = preSolution
		HideSolutionNode = FALSE
	EndGlobalSection
	GlobalSection(ExtensibilityGlobals) = postSolution
		SolutionGuid = {CA1EC0A0-D877-45A7-97B1-64E816DCA03F}
	EndGlobalSection
EndGlobal
